// !$*UTF8*$!
{
	archiveVersion = 1;
	classes = {
	};
	objectVersion = 46;
	objects = {

/* Begin PBXBuildFile section */
		493E27221B4F0A9500AF3250 /* EditProfileViewController.m in Sources */ = {isa = PBXBuildFile; fileRef = 493E27211B4F0A9500AF3250 /* EditProfileViewController.m */; };
		494B45341B1CC570007879C3 /* main.m in Sources */ = {isa = PBXBuildFile; fileRef = 494B45331B1CC570007879C3 /* main.m */; };
		494B45371B1CC570007879C3 /* AppDelegate.m in Sources */ = {isa = PBXBuildFile; fileRef = 494B45361B1CC570007879C3 /* AppDelegate.m */; };
		494B453D1B1CC570007879C3 /* Main.storyboard in Resources */ = {isa = PBXBuildFile; fileRef = 494B453B1B1CC570007879C3 /* Main.storyboard */; };
		494B453F1B1CC570007879C3 /* Images.xcassets in Resources */ = {isa = PBXBuildFile; fileRef = 494B453E1B1CC570007879C3 /* Images.xcassets */; };
		494B45421B1CC570007879C3 /* LaunchScreen.xib in Resources */ = {isa = PBXBuildFile; fileRef = 494B45401B1CC570007879C3 /* LaunchScreen.xib */; };
		494B454E1B1CC570007879C3 /* BloQueryTests.m in Sources */ = {isa = PBXBuildFile; fileRef = 494B454D1B1CC570007879C3 /* BloQueryTests.m */; };
		494B455C1B1CD542007879C3 /* LoginViewController.m in Sources */ = {isa = PBXBuildFile; fileRef = 494B455B1B1CD542007879C3 /* LoginViewController.m */; };
		494B455F1B1CD914007879C3 /* QuestionsTableViewController.m in Sources */ = {isa = PBXBuildFile; fileRef = 494B455E1B1CD914007879C3 /* QuestionsTableViewController.m */; };
		496E2E6F1B3113FC00F76365 /* happyFace.png in Resources */ = {isa = PBXBuildFile; fileRef = 496E2E691B3113FC00F76365 /* happyFace.png */; };
		496E2E701B3113FC00F76365 /* hmmFace.png in Resources */ = {isa = PBXBuildFile; fileRef = 496E2E6A1B3113FC00F76365 /* hmmFace.png */; };
		496E2E711B3113FC00F76365 /* reallyHappyFace.png in Resources */ = {isa = PBXBuildFile; fileRef = 496E2E6B1B3113FC00F76365 /* reallyHappyFace.png */; };
		496E2E721B3113FC00F76365 /* shockedFace.png in Resources */ = {isa = PBXBuildFile; fileRef = 496E2E6C1B3113FC00F76365 /* shockedFace.png */; };
		496E2E731B3113FC00F76365 /* tinyHappyFace.png in Resources */ = {isa = PBXBuildFile; fileRef = 496E2E6D1B3113FC00F76365 /* tinyHappyFace.png */; };
		496E2E741B3113FC00F76365 /* xFace.png in Resources */ = {isa = PBXBuildFile; fileRef = 496E2E6E1B3113FC00F76365 /* xFace.png */; };
		498DE0D41B3090740014A4C7 /* AnswersTableViewController.m in Sources */ = {isa = PBXBuildFile; fileRef = 498DE0D31B3090740014A4C7 /* AnswersTableViewController.m */; };
		49C6081B1B421848002EFCE1 /* AudioToolbox.framework in Frameworks */ = {isa = PBXBuildFile; fileRef = 49C6081A1B421848002EFCE1 /* AudioToolbox.framework */; };
		49C6081D1B42185E002EFCE1 /* CFNetwork.framework in Frameworks */ = {isa = PBXBuildFile; fileRef = 49C6081C1B42185E002EFCE1 /* CFNetwork.framework */; };
		49C6081F1B421863002EFCE1 /* CoreGraphics.framework in Frameworks */ = {isa = PBXBuildFile; fileRef = 49C6081E1B421863002EFCE1 /* CoreGraphics.framework */; };
		49C608211B421867002EFCE1 /* CoreLocation.framework in Frameworks */ = {isa = PBXBuildFile; fileRef = 49C608201B421867002EFCE1 /* CoreLocation.framework */; };
		49C608231B42186E002EFCE1 /* MobileCoreServices.framework in Frameworks */ = {isa = PBXBuildFile; fileRef = 49C608221B42186E002EFCE1 /* MobileCoreServices.framework */; };
		49C608251B421871002EFCE1 /* QuartzCore.framework in Frameworks */ = {isa = PBXBuildFile; fileRef = 49C608241B421871002EFCE1 /* QuartzCore.framework */; };
		49C608271B421879002EFCE1 /* Security.framework in Frameworks */ = {isa = PBXBuildFile; fileRef = 49C608261B421879002EFCE1 /* Security.framework */; };
		49C608291B42187C002EFCE1 /* StoreKit.framework in Frameworks */ = {isa = PBXBuildFile; fileRef = 49C608281B42187C002EFCE1 /* StoreKit.framework */; };
		49C6082B1B421887002EFCE1 /* SystemConfiguration.framework in Frameworks */ = {isa = PBXBuildFile; fileRef = 49C6082A1B421887002EFCE1 /* SystemConfiguration.framework */; };
		49C6082D1B42188C002EFCE1 /* libz.dylib in Frameworks */ = {isa = PBXBuildFile; fileRef = 49C6082C1B42188C002EFCE1 /* libz.dylib */; };
		49C6082F1B421892002EFCE1 /* libsqlite3.dylib in Frameworks */ = {isa = PBXBuildFile; fileRef = 49C6082E1B421892002EFCE1 /* libsqlite3.dylib */; };
		49C608311B421898002EFCE1 /* Accounts.framework in Frameworks */ = {isa = PBXBuildFile; fileRef = 49C608301B421898002EFCE1 /* Accounts.framework */; };
		49C608331B42189C002EFCE1 /* Social.framework in Frameworks */ = {isa = PBXBuildFile; fileRef = 49C608321B42189C002EFCE1 /* Social.framework */; };
		49D35AC81B328C8000687594 /* DataSource.m in Sources */ = {isa = PBXBuildFile; fileRef = 49D35AC71B328C8000687594 /* DataSource.m */; };
		49DC7EEE1B42B168000B2C21 /* Parse.framework in Frameworks */ = {isa = PBXBuildFile; fileRef = 49DC7EE91B42B168000B2C21 /* Parse.framework */; };
		49DC7EF21B42B168000B2C21 /* ParseUI.framework in Frameworks */ = {isa = PBXBuildFile; fileRef = 49DC7EED1B42B168000B2C21 /* ParseUI.framework */; };
		CC1718CF1B42F55500B00E94 /* Bolts.framework in Frameworks */ = {isa = PBXBuildFile; fileRef = CC1718CE1B42F55500B00E94 /* Bolts.framework */; };
		CC1718D01B42F61D00B00E94 /* QuestionTableViewCell.m in Sources */ = {isa = PBXBuildFile; fileRef = 49FEF78A1B2BE61A00A188CF /* QuestionTableViewCell.m */; };
		CC1718D11B42F62300B00E94 /* AnswerTableViewCell.m in Sources */ = {isa = PBXBuildFile; fileRef = 495C33571B3E3E6400975785 /* AnswerTableViewCell.m */; };
/* End PBXBuildFile section */

/* Begin PBXContainerItemProxy section */
		494B45481B1CC570007879C3 /* PBXContainerItemProxy */ = {
			isa = PBXContainerItemProxy;
			containerPortal = 494B45261B1CC570007879C3 /* Project object */;
			proxyType = 1;
			remoteGlobalIDString = 494B452D1B1CC570007879C3;
			remoteInfo = BloQuery;
		};
/* End PBXContainerItemProxy section */

/* Begin PBXFileReference section */
		493E27201B4F0A9500AF3250 /* EditProfileViewController.h */ = {isa = PBXFileReference; fileEncoding = 4; lastKnownFileType = sourcecode.c.h; path = EditProfileViewController.h; sourceTree = "<group>"; };
		493E27211B4F0A9500AF3250 /* EditProfileViewController.m */ = {isa = PBXFileReference; fileEncoding = 4; lastKnownFileType = sourcecode.c.objc; path = EditProfileViewController.m; sourceTree = "<group>"; };
		494B452E1B1CC570007879C3 /* BloQuery.app */ = {isa = PBXFileReference; explicitFileType = wrapper.application; includeInIndex = 0; path = BloQuery.app; sourceTree = BUILT_PRODUCTS_DIR; };
		494B45321B1CC570007879C3 /* Info.plist */ = {isa = PBXFileReference; lastKnownFileType = text.plist.xml; path = Info.plist; sourceTree = "<group>"; };
		494B45331B1CC570007879C3 /* main.m */ = {isa = PBXFileReference; lastKnownFileType = sourcecode.c.objc; path = main.m; sourceTree = "<group>"; };
		494B45351B1CC570007879C3 /* AppDelegate.h */ = {isa = PBXFileReference; lastKnownFileType = sourcecode.c.h; path = AppDelegate.h; sourceTree = "<group>"; };
		494B45361B1CC570007879C3 /* AppDelegate.m */ = {isa = PBXFileReference; lastKnownFileType = sourcecode.c.objc; path = AppDelegate.m; sourceTree = "<group>"; };
		494B453C1B1CC570007879C3 /* Base */ = {isa = PBXFileReference; lastKnownFileType = file.storyboard; name = Base; path = Base.lproj/Main.storyboard; sourceTree = "<group>"; };
		494B453E1B1CC570007879C3 /* Images.xcassets */ = {isa = PBXFileReference; lastKnownFileType = folder.assetcatalog; path = Images.xcassets; sourceTree = "<group>"; };
		494B45411B1CC570007879C3 /* Base */ = {isa = PBXFileReference; lastKnownFileType = file.xib; name = Base; path = Base.lproj/LaunchScreen.xib; sourceTree = "<group>"; };
		494B45471B1CC570007879C3 /* BloQueryTests.xctest */ = {isa = PBXFileReference; explicitFileType = wrapper.cfbundle; includeInIndex = 0; path = BloQueryTests.xctest; sourceTree = BUILT_PRODUCTS_DIR; };
		494B454C1B1CC570007879C3 /* Info.plist */ = {isa = PBXFileReference; lastKnownFileType = text.plist.xml; path = Info.plist; sourceTree = "<group>"; };
		494B454D1B1CC570007879C3 /* BloQueryTests.m */ = {isa = PBXFileReference; lastKnownFileType = sourcecode.c.objc; path = BloQueryTests.m; sourceTree = "<group>"; };
		494B455A1B1CD542007879C3 /* LoginViewController.h */ = {isa = PBXFileReference; fileEncoding = 4; lastKnownFileType = sourcecode.c.h; path = LoginViewController.h; sourceTree = "<group>"; };
		494B455B1B1CD542007879C3 /* LoginViewController.m */ = {isa = PBXFileReference; fileEncoding = 4; lastKnownFileType = sourcecode.c.objc; path = LoginViewController.m; sourceTree = "<group>"; };
		494B455D1B1CD914007879C3 /* QuestionsTableViewController.h */ = {isa = PBXFileReference; fileEncoding = 4; lastKnownFileType = sourcecode.c.h; path = QuestionsTableViewController.h; sourceTree = "<group>"; };
		494B455E1B1CD914007879C3 /* QuestionsTableViewController.m */ = {isa = PBXFileReference; fileEncoding = 4; lastKnownFileType = sourcecode.c.objc; path = QuestionsTableViewController.m; sourceTree = "<group>"; };
		495C33561B3E3E6400975785 /* AnswerTableViewCell.h */ = {isa = PBXFileReference; fileEncoding = 4; lastKnownFileType = sourcecode.c.h; path = AnswerTableViewCell.h; sourceTree = "<group>"; };
		495C33571B3E3E6400975785 /* AnswerTableViewCell.m */ = {isa = PBXFileReference; fileEncoding = 4; lastKnownFileType = sourcecode.c.objc; path = AnswerTableViewCell.m; sourceTree = "<group>"; };
		496E2E691B3113FC00F76365 /* happyFace.png */ = {isa = PBXFileReference; lastKnownFileType = image.png; path = happyFace.png; sourceTree = "<group>"; };
		496E2E6A1B3113FC00F76365 /* hmmFace.png */ = {isa = PBXFileReference; lastKnownFileType = image.png; path = hmmFace.png; sourceTree = "<group>"; };
		496E2E6B1B3113FC00F76365 /* reallyHappyFace.png */ = {isa = PBXFileReference; lastKnownFileType = image.png; path = reallyHappyFace.png; sourceTree = "<group>"; };
		496E2E6C1B3113FC00F76365 /* shockedFace.png */ = {isa = PBXFileReference; lastKnownFileType = image.png; path = shockedFace.png; sourceTree = "<group>"; };
		496E2E6D1B3113FC00F76365 /* tinyHappyFace.png */ = {isa = PBXFileReference; lastKnownFileType = image.png; path = tinyHappyFace.png; sourceTree = "<group>"; };
		496E2E6E1B3113FC00F76365 /* xFace.png */ = {isa = PBXFileReference; lastKnownFileType = image.png; path = xFace.png; sourceTree = "<group>"; };
		498DE0D21B3090740014A4C7 /* AnswersTableViewController.h */ = {isa = PBXFileReference; fileEncoding = 4; lastKnownFileType = sourcecode.c.h; path = AnswersTableViewController.h; sourceTree = "<group>"; };
		498DE0D31B3090740014A4C7 /* AnswersTableViewController.m */ = {isa = PBXFileReference; fileEncoding = 4; lastKnownFileType = sourcecode.c.objc; path = AnswersTableViewController.m; sourceTree = "<group>"; };
		49C6081A1B421848002EFCE1 /* AudioToolbox.framework */ = {isa = PBXFileReference; lastKnownFileType = wrapper.framework; name = AudioToolbox.framework; path = System/Library/Frameworks/AudioToolbox.framework; sourceTree = SDKROOT; };
		49C6081C1B42185E002EFCE1 /* CFNetwork.framework */ = {isa = PBXFileReference; lastKnownFileType = wrapper.framework; name = CFNetwork.framework; path = System/Library/Frameworks/CFNetwork.framework; sourceTree = SDKROOT; };
		49C6081E1B421863002EFCE1 /* CoreGraphics.framework */ = {isa = PBXFileReference; lastKnownFileType = wrapper.framework; name = CoreGraphics.framework; path = System/Library/Frameworks/CoreGraphics.framework; sourceTree = SDKROOT; };
		49C608201B421867002EFCE1 /* CoreLocation.framework */ = {isa = PBXFileReference; lastKnownFileType = wrapper.framework; name = CoreLocation.framework; path = System/Library/Frameworks/CoreLocation.framework; sourceTree = SDKROOT; };
		49C608221B42186E002EFCE1 /* MobileCoreServices.framework */ = {isa = PBXFileReference; lastKnownFileType = wrapper.framework; name = MobileCoreServices.framework; path = System/Library/Frameworks/MobileCoreServices.framework; sourceTree = SDKROOT; };
		49C608241B421871002EFCE1 /* QuartzCore.framework */ = {isa = PBXFileReference; lastKnownFileType = wrapper.framework; name = QuartzCore.framework; path = System/Library/Frameworks/QuartzCore.framework; sourceTree = SDKROOT; };
		49C608261B421879002EFCE1 /* Security.framework */ = {isa = PBXFileReference; lastKnownFileType = wrapper.framework; name = Security.framework; path = System/Library/Frameworks/Security.framework; sourceTree = SDKROOT; };
		49C608281B42187C002EFCE1 /* StoreKit.framework */ = {isa = PBXFileReference; lastKnownFileType = wrapper.framework; name = StoreKit.framework; path = System/Library/Frameworks/StoreKit.framework; sourceTree = SDKROOT; };
		49C6082A1B421887002EFCE1 /* SystemConfiguration.framework */ = {isa = PBXFileReference; lastKnownFileType = wrapper.framework; name = SystemConfiguration.framework; path = System/Library/Frameworks/SystemConfiguration.framework; sourceTree = SDKROOT; };
		49C6082C1B42188C002EFCE1 /* libz.dylib */ = {isa = PBXFileReference; lastKnownFileType = "compiled.mach-o.dylib"; name = libz.dylib; path = usr/lib/libz.dylib; sourceTree = SDKROOT; };
		49C6082E1B421892002EFCE1 /* libsqlite3.dylib */ = {isa = PBXFileReference; lastKnownFileType = "compiled.mach-o.dylib"; name = libsqlite3.dylib; path = usr/lib/libsqlite3.dylib; sourceTree = SDKROOT; };
		49C608301B421898002EFCE1 /* Accounts.framework */ = {isa = PBXFileReference; lastKnownFileType = wrapper.framework; name = Accounts.framework; path = System/Library/Frameworks/Accounts.framework; sourceTree = SDKROOT; };
		49C608321B42189C002EFCE1 /* Social.framework */ = {isa = PBXFileReference; lastKnownFileType = wrapper.framework; name = Social.framework; path = System/Library/Frameworks/Social.framework; sourceTree = SDKROOT; };
		49D35AC61B328C8000687594 /* DataSource.h */ = {isa = PBXFileReference; fileEncoding = 4; lastKnownFileType = sourcecode.c.h; path = DataSource.h; sourceTree = "<group>"; };
		49D35AC71B328C8000687594 /* DataSource.m */ = {isa = PBXFileReference; fileEncoding = 4; lastKnownFileType = sourcecode.c.objc; path = DataSource.m; sourceTree = "<group>"; };
		49DC7EE91B42B168000B2C21 /* Parse.framework */ = {isa = PBXFileReference; lastKnownFileType = wrapper.framework; name = Parse.framework; path = BloQuery/Parse.framework; sourceTree = "<group>"; };
		49DC7EEA1B42B168000B2C21 /* ParseCrashReporting.framework */ = {isa = PBXFileReference; lastKnownFileType = wrapper.framework; name = ParseCrashReporting.framework; path = BloQuery/ParseCrashReporting.framework; sourceTree = "<group>"; };
		49DC7EEB1B42B168000B2C21 /* ParseFacebookUtils.framework */ = {isa = PBXFileReference; lastKnownFileType = wrapper.framework; name = ParseFacebookUtils.framework; path = BloQuery/ParseFacebookUtils.framework; sourceTree = "<group>"; };
		49DC7EEC1B42B168000B2C21 /* ParseFacebookUtilsV4.framework */ = {isa = PBXFileReference; lastKnownFileType = wrapper.framework; name = ParseFacebookUtilsV4.framework; path = BloQuery/ParseFacebookUtilsV4.framework; sourceTree = "<group>"; };
		49DC7EED1B42B168000B2C21 /* ParseUI.framework */ = {isa = PBXFileReference; lastKnownFileType = wrapper.framework; name = ParseUI.framework; path = BloQuery/ParseUI.framework; sourceTree = "<group>"; };
		49FEF7891B2BE61A00A188CF /* QuestionTableViewCell.h */ = {isa = PBXFileReference; fileEncoding = 4; lastKnownFileType = sourcecode.c.h; path = QuestionTableViewCell.h; sourceTree = "<group>"; };
		49FEF78A1B2BE61A00A188CF /* QuestionTableViewCell.m */ = {isa = PBXFileReference; fileEncoding = 4; lastKnownFileType = sourcecode.c.objc; path = QuestionTableViewCell.m; sourceTree = "<group>"; };
		CC1718CE1B42F55500B00E94 /* Bolts.framework */ = {isa = PBXFileReference; lastKnownFileType = wrapper.framework; name = Bolts.framework; path = BloQuery/Bolts.framework; sourceTree = "<group>"; };
/* End PBXFileReference section */

/* Begin PBXFrameworksBuildPhase section */
		494B452B1B1CC570007879C3 /* Frameworks */ = {
			isa = PBXFrameworksBuildPhase;
			buildActionMask = 2147483647;
			files = (
				CC1718CF1B42F55500B00E94 /* Bolts.framework in Frameworks */,
				49DC7EF21B42B168000B2C21 /* ParseUI.framework in Frameworks */,
				49C608331B42189C002EFCE1 /* Social.framework in Frameworks */,
				49C608311B421898002EFCE1 /* Accounts.framework in Frameworks */,
				49C6082F1B421892002EFCE1 /* libsqlite3.dylib in Frameworks */,
				49C6082D1B42188C002EFCE1 /* libz.dylib in Frameworks */,
				49C6082B1B421887002EFCE1 /* SystemConfiguration.framework in Frameworks */,
				49C608291B42187C002EFCE1 /* StoreKit.framework in Frameworks */,
				49C608271B421879002EFCE1 /* Security.framework in Frameworks */,
				49C608251B421871002EFCE1 /* QuartzCore.framework in Frameworks */,
				49C608231B42186E002EFCE1 /* MobileCoreServices.framework in Frameworks */,
				49C608211B421867002EFCE1 /* CoreLocation.framework in Frameworks */,
				49DC7EEE1B42B168000B2C21 /* Parse.framework in Frameworks */,
				49C6081F1B421863002EFCE1 /* CoreGraphics.framework in Frameworks */,
				49C6081D1B42185E002EFCE1 /* CFNetwork.framework in Frameworks */,
				49C6081B1B421848002EFCE1 /* AudioToolbox.framework in Frameworks */,
			);
			runOnlyForDeploymentPostprocessing = 0;
		};
		494B45441B1CC570007879C3 /* Frameworks */ = {
			isa = PBXFrameworksBuildPhase;
			buildActionMask = 2147483647;
			files = (
			);
			runOnlyForDeploymentPostprocessing = 0;
		};
/* End PBXFrameworksBuildPhase section */

/* Begin PBXGroup section */
		2CBBE738FB55F34EC76F024D /* Frameworks */ = {
			isa = PBXGroup;
			children = (
				CC1718CE1B42F55500B00E94 /* Bolts.framework */,
				49DC7EE91B42B168000B2C21 /* Parse.framework */,
				49DC7EEA1B42B168000B2C21 /* ParseCrashReporting.framework */,
				49DC7EEB1B42B168000B2C21 /* ParseFacebookUtils.framework */,
				49DC7EEC1B42B168000B2C21 /* ParseFacebookUtilsV4.framework */,
				49DC7EED1B42B168000B2C21 /* ParseUI.framework */,
				49C608321B42189C002EFCE1 /* Social.framework */,
				49C608301B421898002EFCE1 /* Accounts.framework */,
				49C6082E1B421892002EFCE1 /* libsqlite3.dylib */,
				49C6082C1B42188C002EFCE1 /* libz.dylib */,
				49C6082A1B421887002EFCE1 /* SystemConfiguration.framework */,
				49C608281B42187C002EFCE1 /* StoreKit.framework */,
				49C608261B421879002EFCE1 /* Security.framework */,
				49C608241B421871002EFCE1 /* QuartzCore.framework */,
				49C608221B42186E002EFCE1 /* MobileCoreServices.framework */,
				49C608201B421867002EFCE1 /* CoreLocation.framework */,
				49C6081E1B421863002EFCE1 /* CoreGraphics.framework */,
				49C6081C1B42185E002EFCE1 /* CFNetwork.framework */,
				49C6081A1B421848002EFCE1 /* AudioToolbox.framework */,
			);
			name = Frameworks;
			path = ..;
			sourceTree = "<group>";
		};
		494B45251B1CC570007879C3 = {
			isa = PBXGroup;
			children = (
				494B45301B1CC570007879C3 /* BloQuery */,
				494B454A1B1CC570007879C3 /* BloQueryTests */,
				494B452F1B1CC570007879C3 /* Products */,
			);
			sourceTree = "<group>";
		};
		494B452F1B1CC570007879C3 /* Products */ = {
			isa = PBXGroup;
			children = (
				494B452E1B1CC570007879C3 /* BloQuery.app */,
				494B45471B1CC570007879C3 /* BloQueryTests.xctest */,
			);
			name = Products;
			sourceTree = "<group>";
		};
		494B45301B1CC570007879C3 /* BloQuery */ = {
			isa = PBXGroup;
			children = (
				494B45351B1CC570007879C3 /* AppDelegate.h */,
				494B45361B1CC570007879C3 /* AppDelegate.m */,
				494B455A1B1CD542007879C3 /* LoginViewController.h */,
				494B455B1B1CD542007879C3 /* LoginViewController.m */,
				494B455D1B1CD914007879C3 /* QuestionsTableViewController.h */,
				494B455E1B1CD914007879C3 /* QuestionsTableViewController.m */,
				49FEF7891B2BE61A00A188CF /* QuestionTableViewCell.h */,
				49FEF78A1B2BE61A00A188CF /* QuestionTableViewCell.m */,
				493E27201B4F0A9500AF3250 /* EditProfileViewController.h */,
				493E27211B4F0A9500AF3250 /* EditProfileViewController.m */,
				498DE0D21B3090740014A4C7 /* AnswersTableViewController.h */,
				498DE0D31B3090740014A4C7 /* AnswersTableViewController.m */,
				495C33561B3E3E6400975785 /* AnswerTableViewCell.h */,
				495C33571B3E3E6400975785 /* AnswerTableViewCell.m */,
				49D35AC61B328C8000687594 /* DataSource.h */,
				49D35AC71B328C8000687594 /* DataSource.m */,
				494B453B1B1CC570007879C3 /* Main.storyboard */,
				494B453E1B1CC570007879C3 /* Images.xcassets */,
				494B45401B1CC570007879C3 /* LaunchScreen.xib */,
				494B45311B1CC570007879C3 /* Supporting Files */,
			);
			path = BloQuery;
			sourceTree = "<group>";
		};
		494B45311B1CC570007879C3 /* Supporting Files */ = {
			isa = PBXGroup;
			children = (
				2CBBE738FB55F34EC76F024D /* Frameworks */,
				496E2E5C1B310D8200F76365 /* Faces */,
				494B45321B1CC570007879C3 /* Info.plist */,
				494B45331B1CC570007879C3 /* main.m */,
			);
			name = "Supporting Files";
			sourceTree = "<group>";
		};
		494B454A1B1CC570007879C3 /* BloQueryTests */ = {
			isa = PBXGroup;
			children = (
				494B454D1B1CC570007879C3 /* BloQueryTests.m */,
				494B454B1B1CC570007879C3 /* Supporting Files */,
			);
			path = BloQueryTests;
			sourceTree = "<group>";
		};
		494B454B1B1CC570007879C3 /* Supporting Files */ = {
			isa = PBXGroup;
			children = (
				494B454C1B1CC570007879C3 /* Info.plist */,
			);
			name = "Supporting Files";
			sourceTree = "<group>";
		};
		496E2E5C1B310D8200F76365 /* Faces */ = {
			isa = PBXGroup;
			children = (
				496E2E691B3113FC00F76365 /* happyFace.png */,
				496E2E6A1B3113FC00F76365 /* hmmFace.png */,
				496E2E6B1B3113FC00F76365 /* reallyHappyFace.png */,
				496E2E6C1B3113FC00F76365 /* shockedFace.png */,
				496E2E6D1B3113FC00F76365 /* tinyHappyFace.png */,
				496E2E6E1B3113FC00F76365 /* xFace.png */,
			);
			name = Faces;
			sourceTree = "<group>";
		};
/* End PBXGroup section */

/* Begin PBXNativeTarget section */
		494B452D1B1CC570007879C3 /* BloQuery */ = {
			isa = PBXNativeTarget;
			buildConfigurationList = 494B45511B1CC570007879C3 /* Build configuration list for PBXNativeTarget "BloQuery" */;
			buildPhases = (
				494B452A1B1CC570007879C3 /* Sources */,
				494B452B1B1CC570007879C3 /* Frameworks */,
				494B452C1B1CC570007879C3 /* Resources */,
			);
			buildRules = (
			);
			dependencies = (
			);
			name = BloQuery;
			productName = BloQuery;
			productReference = 494B452E1B1CC570007879C3 /* BloQuery.app */;
			productType = "com.apple.product-type.application";
		};
		494B45461B1CC570007879C3 /* BloQueryTests */ = {
			isa = PBXNativeTarget;
			buildConfigurationList = 494B45541B1CC570007879C3 /* Build configuration list for PBXNativeTarget "BloQueryTests" */;
			buildPhases = (
				494B45431B1CC570007879C3 /* Sources */,
				494B45441B1CC570007879C3 /* Frameworks */,
				494B45451B1CC570007879C3 /* Resources */,
			);
			buildRules = (
			);
			dependencies = (
				494B45491B1CC570007879C3 /* PBXTargetDependency */,
			);
			name = BloQueryTests;
			productName = BloQueryTests;
			productReference = 494B45471B1CC570007879C3 /* BloQueryTests.xctest */;
			productType = "com.apple.product-type.bundle.unit-test";
		};
/* End PBXNativeTarget section */

/* Begin PBXProject section */
		494B45261B1CC570007879C3 /* Project object */ = {
			isa = PBXProject;
			attributes = {
				LastUpgradeCheck = 0630;
				ORGANIZATIONNAME = andrewcar;
				TargetAttributes = {
					494B452D1B1CC570007879C3 = {
						CreatedOnToolsVersion = 6.3.1;
					};
					494B45461B1CC570007879C3 = {
						CreatedOnToolsVersion = 6.3.1;
						TestTargetID = 494B452D1B1CC570007879C3;
					};
				};
			};
			buildConfigurationList = 494B45291B1CC570007879C3 /* Build configuration list for PBXProject "BloQuery" */;
			compatibilityVersion = "Xcode 3.2";
			developmentRegion = English;
			hasScannedForEncodings = 0;
			knownRegions = (
				en,
				Base,
			);
			mainGroup = 494B45251B1CC570007879C3;
			productRefGroup = 494B452F1B1CC570007879C3 /* Products */;
			projectDirPath = "";
			projectRoot = "";
			targets = (
				494B452D1B1CC570007879C3 /* BloQuery */,
				494B45461B1CC570007879C3 /* BloQueryTests */,
			);
		};
/* End PBXProject section */

/* Begin PBXResourcesBuildPhase section */
		494B452C1B1CC570007879C3 /* Resources */ = {
			isa = PBXResourcesBuildPhase;
			buildActionMask = 2147483647;
			files = (
				496E2E741B3113FC00F76365 /* xFace.png in Resources */,
				496E2E701B3113FC00F76365 /* hmmFace.png in Resources */,
				496E2E731B3113FC00F76365 /* tinyHappyFace.png in Resources */,
				494B453D1B1CC570007879C3 /* Main.storyboard in Resources */,
				496E2E711B3113FC00F76365 /* reallyHappyFace.png in Resources */,
				496E2E6F1B3113FC00F76365 /* happyFace.png in Resources */,
				494B45421B1CC570007879C3 /* LaunchScreen.xib in Resources */,
				496E2E721B3113FC00F76365 /* shockedFace.png in Resources */,
				494B453F1B1CC570007879C3 /* Images.xcassets in Resources */,
			);
			runOnlyForDeploymentPostprocessing = 0;
		};
		494B45451B1CC570007879C3 /* Resources */ = {
			isa = PBXResourcesBuildPhase;
			buildActionMask = 2147483647;
			files = (
			);
			runOnlyForDeploymentPostprocessing = 0;
		};
/* End PBXResourcesBuildPhase section */

/* Begin PBXSourcesBuildPhase section */
		494B452A1B1CC570007879C3 /* Sources */ = {
			isa = PBXSourcesBuildPhase;
			buildActionMask = 2147483647;
			files = (
				CC1718D11B42F62300B00E94 /* AnswerTableViewCell.m in Sources */,
				CC1718D01B42F61D00B00E94 /* QuestionTableViewCell.m in Sources */,
				494B455F1B1CD914007879C3 /* QuestionsTableViewController.m in Sources */,
				494B45371B1CC570007879C3 /* AppDelegate.m in Sources */,
				498DE0D41B3090740014A4C7 /* AnswersTableViewController.m in Sources */,
				493E27221B4F0A9500AF3250 /* EditProfileViewController.m in Sources */,
				49D35AC81B328C8000687594 /* DataSource.m in Sources */,
				494B45341B1CC570007879C3 /* main.m in Sources */,
				494B455C1B1CD542007879C3 /* LoginViewController.m in Sources */,
			);
			runOnlyForDeploymentPostprocessing = 0;
		};
		494B45431B1CC570007879C3 /* Sources */ = {
			isa = PBXSourcesBuildPhase;
			buildActionMask = 2147483647;
			files = (
				494B454E1B1CC570007879C3 /* BloQueryTests.m in Sources */,
			);
			runOnlyForDeploymentPostprocessing = 0;
		};
/* End PBXSourcesBuildPhase section */

/* Begin PBXTargetDependency section */
		494B45491B1CC570007879C3 /* PBXTargetDependency */ = {
			isa = PBXTargetDependency;
			target = 494B452D1B1CC570007879C3 /* BloQuery */;
			targetProxy = 494B45481B1CC570007879C3 /* PBXContainerItemProxy */;
		};
/* End PBXTargetDependency section */

/* Begin PBXVariantGroup section */
		494B453B1B1CC570007879C3 /* Main.storyboard */ = {
			isa = PBXVariantGroup;
			children = (
				494B453C1B1CC570007879C3 /* Base */,
			);
			name = Main.storyboard;
			sourceTree = "<group>";
		};
		494B45401B1CC570007879C3 /* LaunchScreen.xib */ = {
			isa = PBXVariantGroup;
			children = (
				494B45411B1CC570007879C3 /* Base */,
			);
			name = LaunchScreen.xib;
			sourceTree = "<group>";
		};
/* End PBXVariantGroup section */

/* Begin XCBuildConfiguration section */
		494B454F1B1CC570007879C3 /* Debug */ = {
			isa = XCBuildConfiguration;
			buildSettings = {
				ALWAYS_SEARCH_USER_PATHS = NO;
				CLANG_CXX_LANGUAGE_STANDARD = "gnu++0x";
				CLANG_CXX_LIBRARY = "libc++";
				CLANG_ENABLE_MODULES = YES;
				CLANG_ENABLE_OBJC_ARC = YES;
				CLANG_WARN_BOOL_CONVERSION = YES;
				CLANG_WARN_CONSTANT_CONVERSION = YES;
				CLANG_WARN_DIRECT_OBJC_ISA_USAGE = YES_ERROR;
				CLANG_WARN_EMPTY_BODY = YES;
				CLANG_WARN_ENUM_CONVERSION = YES;
				CLANG_WARN_INT_CONVERSION = YES;
				CLANG_WARN_OBJC_ROOT_CLASS = YES_ERROR;
				CLANG_WARN_UNREACHABLE_CODE = YES;
				CLANG_WARN__DUPLICATE_METHOD_MATCH = YES;
				"CODE_SIGN_IDENTITY[sdk=iphoneos*]" = "iPhone Developer";
				COPY_PHASE_STRIP = NO;
				DEBUG_INFORMATION_FORMAT = "dwarf-with-dsym";
				ENABLE_STRICT_OBJC_MSGSEND = YES;
				GCC_C_LANGUAGE_STANDARD = gnu99;
				GCC_DYNAMIC_NO_PIC = NO;
				GCC_NO_COMMON_BLOCKS = YES;
				GCC_OPTIMIZATION_LEVEL = 0;
				GCC_PREPROCESSOR_DEFINITIONS = (
					"DEBUG=1",
					"$(inherited)",
				);
				GCC_SYMBOLS_PRIVATE_EXTERN = NO;
				GCC_WARN_64_TO_32_BIT_CONVERSION = YES;
				GCC_WARN_ABOUT_RETURN_TYPE = YES_ERROR;
				GCC_WARN_UNDECLARED_SELECTOR = YES;
				GCC_WARN_UNINITIALIZED_AUTOS = YES_AGGRESSIVE;
				GCC_WARN_UNUSED_FUNCTION = YES;
				GCC_WARN_UNUSED_VARIABLE = YES;
				IPHONEOS_DEPLOYMENT_TARGET = 8.3;
				MTL_ENABLE_DEBUG_INFO = YES;
				ONLY_ACTIVE_ARCH = YES;
				SDKROOT = iphoneos;
				TARGETED_DEVICE_FAMILY = "1,2";
			};
			name = Debug;
		};
		494B45501B1CC570007879C3 /* Release */ = {
			isa = XCBuildConfiguration;
			buildSettings = {
				ALWAYS_SEARCH_USER_PATHS = NO;
				CLANG_CXX_LANGUAGE_STANDARD = "gnu++0x";
				CLANG_CXX_LIBRARY = "libc++";
				CLANG_ENABLE_MODULES = YES;
				CLANG_ENABLE_OBJC_ARC = YES;
				CLANG_WARN_BOOL_CONVERSION = YES;
				CLANG_WARN_CONSTANT_CONVERSION = YES;
				CLANG_WARN_DIRECT_OBJC_ISA_USAGE = YES_ERROR;
				CLANG_WARN_EMPTY_BODY = YES;
				CLANG_WARN_ENUM_CONVERSION = YES;
				CLANG_WARN_INT_CONVERSION = YES;
				CLANG_WARN_OBJC_ROOT_CLASS = YES_ERROR;
				CLANG_WARN_UNREACHABLE_CODE = YES;
				CLANG_WARN__DUPLICATE_METHOD_MATCH = YES;
				"CODE_SIGN_IDENTITY[sdk=iphoneos*]" = "iPhone Developer";
				COPY_PHASE_STRIP = NO;
				DEBUG_INFORMATION_FORMAT = "dwarf-with-dsym";
				ENABLE_NS_ASSERTIONS = NO;
				ENABLE_STRICT_OBJC_MSGSEND = YES;
				GCC_C_LANGUAGE_STANDARD = gnu99;
				GCC_NO_COMMON_BLOCKS = YES;
				GCC_WARN_64_TO_32_BIT_CONVERSION = YES;
				GCC_WARN_ABOUT_RETURN_TYPE = YES_ERROR;
				GCC_WARN_UNDECLARED_SELECTOR = YES;
				GCC_WARN_UNINITIALIZED_AUTOS = YES_AGGRESSIVE;
				GCC_WARN_UNUSED_FUNCTION = YES;
				GCC_WARN_UNUSED_VARIABLE = YES;
				IPHONEOS_DEPLOYMENT_TARGET = 8.3;
				MTL_ENABLE_DEBUG_INFO = NO;
				SDKROOT = iphoneos;
				TARGETED_DEVICE_FAMILY = "1,2";
				VALIDATE_PRODUCT = YES;
			};
			name = Release;
		};
		494B45521B1CC570007879C3 /* Debug */ = {
			isa = XCBuildConfiguration;
			buildSettings = {
				ALWAYS_SEARCH_USER_PATHS = NO;
				ASSETCATALOG_COMPILER_APPICON_NAME = AppIcon;
				FRAMEWORK_SEARCH_PATHS = (
					"$(inherited)",
					"$(PROJECT_DIR)/BloQuery",
				);
				INFOPLIST_FILE = BloQuery/Info.plist;
				LD_RUNPATH_SEARCH_PATHS = "$(inherited) @executable_path/Frameworks";
				OTHER_LDFLAGS = (
					"$(inherited)",
					"-ObjC",
				);
				PRODUCT_NAME = "$(TARGET_NAME)";
			};
			name = Debug;
		};
		494B45531B1CC570007879C3 /* Release */ = {
			isa = XCBuildConfiguration;
			buildSettings = {
				ALWAYS_SEARCH_USER_PATHS = NO;
				ASSETCATALOG_COMPILER_APPICON_NAME = AppIcon;
				FRAMEWORK_SEARCH_PATHS = (
					"$(inherited)",
					"$(PROJECT_DIR)/BloQuery",
				);
				INFOPLIST_FILE = BloQuery/Info.plist;
				LD_RUNPATH_SEARCH_PATHS = "$(inherited) @executable_path/Frameworks";
				OTHER_LDFLAGS = (
					"$(inherited)",
					"-ObjC",
				);
				PRODUCT_NAME = "$(TARGET_NAME)";
			};
			name = Release;
		};
		494B45551B1CC570007879C3 /* Debug */ = {
			isa = XCBuildConfiguration;
			buildSettings = {
				BUNDLE_LOADER = "$(TEST_HOST)";
				FRAMEWORK_SEARCH_PATHS = (
					"$(SDKROOT)/Developer/Library/Frameworks",
					"$(inherited)",
				);
				GCC_PREPROCESSOR_DEFINITIONS = (
					"DEBUG=1",
					"$(inherited)",
				);
				INFOPLIST_FILE = BloQueryTests/Info.plist;
				LD_RUNPATH_SEARCH_PATHS = "$(inherited) @executable_path/Frameworks @loader_path/Frameworks";
				PRODUCT_NAME = "$(TARGET_NAME)";
				TEST_HOST = "$(BUILT_PRODUCTS_DIR)/BloQuery.app/BloQuery";
			};
			name = Debug;
		};
		494B45561B1CC570007879C3 /* Release */ = {
			isa = XCBuildConfiguration;
			buildSettings = {
				BUNDLE_LOADER = "$(TEST_HOST)";
				FRAMEWORK_SEARCH_PATHS = (
					"$(SDKROOT)/Developer/Library/Frameworks",
					"$(inherited)",
				);
				INFOPLIST_FILE = BloQueryTests/Info.plist;
				LD_RUNPATH_SEARCH_PATHS = "$(inherited) @executable_path/Frameworks @loader_path/Frameworks";
				PRODUCT_NAME = "$(TARGET_NAME)";
				TEST_HOST = "$(BUILT_PRODUCTS_DIR)/BloQuery.app/BloQuery";
			};
			name = Release;
		};
/* End XCBuildConfiguration section */

/* Begin XCConfigurationList section */
		494B45291B1CC570007879C3 /* Build configuration list for PBXProject "BloQuery" */ = {
			isa = XCConfigurationList;
			buildConfigurations = (
				494B454F1B1CC570007879C3 /* Debug */,
				494B45501B1CC570007879C3 /* Release */,
			);
			defaultConfigurationIsVisible = 0;
			defaultConfigurationName = Release;
		};
		494B45511B1CC570007879C3 /* Build configuration list for PBXNativeTarget "BloQuery" */ = {
			isa = XCConfigurationList;
			buildConfigurations = (
				494B45521B1CC570007879C3 /* Debug */,
				494B45531B1CC570007879C3 /* Release */,
			);
			defaultConfigurationIsVisible = 0;
			defaultConfigurationName = Release;
		};
		494B45541B1CC570007879C3 /* Build configuration list for PBXNativeTarget "BloQueryTests" */ = {
			isa = XCConfigurationList;
			buildConfigurations = (
				494B45551B1CC570007879C3 /* Debug */,
				494B45561B1CC570007879C3 /* Release */,
			);
			defaultConfigurationIsVisible = 0;
			defaultConfigurationName = Release;
		};
/* End XCConfigurationList section */
	};
	rootObject = 494B45261B1CC570007879C3 /* Project object */;
}
